
Microsoft Visual Studio Solution File, Format Version 12.00
# Visual Studio Version 17
VisualStudioVersion = 17.14.36811.4
MinimumVisualStudioVersion = 10.0.40219.1
Project("{FAE04EC0-301F-11D3-BF4B-00C04F79EFBC}") = "SutraPlusApp", "SutraPlusApp.csproj", "{8F2A6180-ABF7-43EC-BCE7-84E1C2FDC77B}"
EndProject
Project("{FAE04EC0-301F-11D3-BF4B-00C04F79EFBC}") = "SutraPlusApp_DAL", "..\SutraPlusApp_DAL\SutraPlusApp_DAL.csproj", "{024A0FCD-7FB0-4F64-8BE4-3BABD62DC4D0}"
EndProject
Project("{FAE04EC0-301F-11D3-BF4B-00C04F79EFBC}") = "SutraPlusApp_BAL", "..\SutraPlusApp_BAL\SutraPlusApp_BAL.csproj", "{FACE1726-5E56-4959-A2BA-B941E3F1E660}"
EndProject
Global
	GlobalSection(SolutionConfigurationPlatforms) = preSolution
		Debug|Any CPU = Debug|Any CPU
		Release|Any CPU = Release|Any CPU
	EndGlobalSection
	GlobalSection(ProjectConfigurationPlatforms) = postSolution
		{8F2A6180-ABF7-43EC-BCE7-84E1C2FDC77B}.Debug|Any CPU.ActiveCfg = Debug|Any CPU
		{8F2A6180-ABF7-43EC-BCE7-84E1C2FDC77B}.Debug|Any CPU.Build.0 = Debug|Any CPU
		{8F2A6180-ABF7-43EC-BCE7-84E1C2FDC77B}.Release|Any CPU.ActiveCfg = Release|Any CPU
		{8F2A6180-ABF7-43EC-BCE7-84E1C2FDC77B}.Release|Any CPU.Build.0 = Release|Any CPU
		{024A0FCD-7FB0-4F64-8BE4-3BABD62DC4D0}.Debug|Any CPU.ActiveCfg = Debug|Any CPU
		{024A0FCD-7FB0-4F64-8BE4-3BABD62DC4D0}.Debug|Any CPU.Build.0 = Debug|Any CPU
		{024A0FCD-7FB0-4F64-8BE4-3BABD62DC4D0}.Release|Any CPU.ActiveCfg = Release|Any CPU
		{024A0FCD-7FB0-4F64-8BE4-3BABD62DC4D0}.Release|Any CPU.Build.0 = Release|Any CPU
		{FACE1726-5E56-4959-A2BA-B941E3F1E660}.Debug|Any CPU.ActiveCfg = Debug|Any CPU
		{FACE1726-5E56-4959-A2BA-B941E3F1E660}.Debug|Any CPU.Build.0 = Debug|Any CPU
		{FACE1726-5E56-4959-A2BA-B941E3F1E660}.Release|Any CPU.ActiveCfg = Release|Any CPU
		{FACE1726-5E56-4959-A2BA-B941E3F1E660}.Release|Any CPU.Build.0 = Release|Any CPU
	EndGlobalSection
	GlobalSection(SolutionProperties) = preSolution
		HideSolutionNode = FALSE
	EndGlobalSection
	GlobalSection(ExtensibilityGlobals) = postSolution
		SolutionGuid = {9866F864-52CA-4B29-8478-72FAE07FE109}
	EndGlobalSection
EndGlobal
